
Microsoft Visual Studio Solution File, Format Version 12.00
# Visual Studio Version 17
VisualStudioVersion = 17.9.34728.123
MinimumVisualStudioVersion = 10.0.40219.1
Project("{FAE04EC0-301F-11D3-BF4B-00C04F79EFBC}") = "FirstProgram", "FirstProgram\FirstProgram.csproj", "{B2094902-4C88-455C-A6E3-15F9A9FFBFE0}"
EndProject
Global
	GlobalSection(SolutionConfigurationPlatforms) = preSolution
		Debug|Any CPU = Debug|Any CPU
		Release|Any CPU = Release|Any CPU
	EndGlobalSection
	GlobalSection(ProjectConfigurationPlatforms) = postSolution
		{B2094902-4C88-455C-A6E3-15F9A9FFBFE0}.Debug|Any CPU.ActiveCfg = Debug|Any CPU
		{B2094902-4C88-455C-A6E3-15F9A9FFBFE0}.Debug|Any CPU.Build.0 = Debug|Any CPU
		{B2094902-4C88-455C-A6E3-15F9A9FFBFE0}.Release|Any CPU.ActiveCfg = Release|Any CPU
		{B2094902-4C88-455C-A6E3-15F9A9FFBFE0}.Release|Any CPU.Build.0 = Release|Any CPU
	EndGlobalSection
	GlobalSection(SolutionProperties) = preSolution
		HideSolutionNode = FALSE
	EndGlobalSection
	GlobalSection(ExtensibilityGlobals) = postSolution
		SolutionGuid = {65AEE9BE-AEC7-4C7A-8BE0-527CDC77C2B8}
	EndGlobalSection
EndGlobal
